
Microsoft Visual Studio Solution File, Format Version 12.00
# Visual Studio 15
VisualStudioVersion = 15.0.27703.2026
MinimumVisualStudioVersion = 10.0.40219.1
Project("{FAE04EC0-301F-11D3-BF4B-00C04F79EFBC}") = "ModernAppDeisgn", "ModernAppDeisgn.csproj", "{26B747CB-1076-40F8-8799-01BEA2E8246B}"
EndProject
Global
	GlobalSection(SolutionConfigurationPlatforms) = preSolution
		Debug|Any CPU = Debug|Any CPU
		Release|Any CPU = Release|Any CPU
	EndGlobalSection
	GlobalSection(ProjectConfigurationPlatforms) = postSolution
		{26B747CB-1076-40F8-8799-01BEA2E8246B}.Debug|Any CPU.ActiveCfg = Debug|Any CPU
		{26B747CB-1076-40F8-8799-01BEA2E8246B}.Debug|Any CPU.Build.0 = Debug|Any CPU
		{26B747CB-1076-40F8-8799-01BEA2E8246B}.Release|Any CPU.ActiveCfg = Release|Any CPU
		{26B747CB-1076-40F8-8799-01BEA2E8246B}.Release|Any CPU.Build.0 = Release|Any CPU
	EndGlobalSection
	GlobalSection(SolutionProperties) = preSolution
		HideSolutionNode = FALSE
	EndGlobalSection
	GlobalSection(ExtensibilityGlobals) = postSolution
		SolutionGuid = {39F97333-173B-4FD1-BB77-C1B48C615B17}
	EndGlobalSection
EndGlobal
